# This file is automatically @generated by Cargo.
# It is not intended for manual editing.
version = 4

[[package]]
name = "example_contract"
version = "0.0.0"
dependencies = [
 "stack_dst",
 "starstream",
]

[[package]]
name = "example_coordination"
version = "0.0.0"
dependencies = [
 "example_contract",
 "starstream",
]

[[package]]
name = "generic-array"
version = "0.14.7"
source = "registry+https://github.com/rust-lang/crates.io-index"
checksum = "85649ca51fd72272d7821adaf274ad91c288277713d9c18820d8499a7ff69e9a"
dependencies = [
 "typenum",
 "version_check",
]

[[package]]
name = "stack_dst"
version = "0.8.1"
source = "registry+https://github.com/rust-lang/crates.io-index"
checksum = "4d4c67c20215d424cf30fb7a357bbff2853deef160abfb0ff237072e51c843d3"
dependencies = [
 "generic-array",
]

[[package]]
name = "starstream"
version = "0.0.0"

[[package]]
name = "typenum"
version = "1.17.0"
source = "registry+https://github.com/rust-lang/crates.io-index"
checksum = "42ff0bf0c66b8238c6f3b578df37d0b7848e55df8577b3f74f92a69acceeb825"

[[package]]
name = "version_check"
version = "0.9.5"
source = "registry+https://github.com/rust-lang/crates.io-index"
checksum = "0b928f33d975fc6ad9f86c8f283853ad26bdd5b10b7f1542aa2fa15e2289105a"
