[starstream-wrpc-multiplexer]
sha256 = "608b5fb66c0ad82f907d20793b782d99b5dd0bfd0282e86fdd9ec8b670a2e74d"
sha512 = "b9f384124fd773c4c25e388b7403448ae3e0e19001cddc64e18c4bada3938ab0a2cfe0ec64d1f35b22f0bccc3c335f05de201baec25bcd32bd66c07fd3a3b4d7"

["starstream:node-rpc"]
path = "../../wit/node-rpc/wit"
sha256 = "085f80a468efc58d953fd6108884c3e2e10b7f25edc50a711c40adc4bf252c52"
sha512 = "e197ced4b5714207b6593152fe0221e1301fc95fa14ce9429c59948e31e16e4d5f71a94a726797473de45fe7eadf76353430a06f0af79bdeb7581e76ba352594"
deps = ["starstream-wrpc-multiplexer"]
