[starstream-registry]
sha256 = "8a4ba86dd45562e636f6a9652101d253d3f3233da3a85888f0f4898eb21a93a1"
sha512 = "84f12ddda332f6a449395cdff9c2c701878556a3495000342cdf098dfe6e19e9d059361ad84cfdfe020a125d795b2c3f525045751b408ef02b60b33e00fdd388"

[starstream-wrpc-multiplexer]
sha256 = "608b5fb66c0ad82f907d20793b782d99b5dd0bfd0282e86fdd9ec8b670a2e74d"
sha512 = "b9f384124fd773c4c25e388b7403448ae3e0e19001cddc64e18c4bada3938ab0a2cfe0ec64d1f35b22f0bccc3c335f05de201baec25bcd32bd66c07fd3a3b4d7"

["starstream:node-rpc"]
path = "../../wit/node-rpc/wit"
sha256 = "cca59745053032fef9e7e527d6d3c1501e2314b37aa1151841332c5ab01ecd2e"
sha512 = "f1c1a3d1b478e3a8ee03b38a71c8df7f2234c1a6a7f04e73f7d9a5420a23735af507918fba18e9bb27357ed43b1925aa4e09cfabf2f9db046fdbae84c6686264"
deps = ["starstream-registry", "starstream-wrpc-multiplexer"]
